
Microsoft Visual Studio Solution File, Format Version 12.00
# Visual Studio Version 17
VisualStudioVersion = 17.5.002.0
MinimumVisualStudioVersion = 10.0.40219.1
Project("{9A19103F-16F7-4668-BE54-9A1E7A4F7556}") = "logger", "logger.csproj", "{AEA07B7B-2205-4AEA-807D-0C786973359F}"
EndProject
Global
	GlobalSection(SolutionConfigurationPlatforms) = preSolution
		Debug|Any CPU = Debug|Any CPU
		Release|Any CPU = Release|Any CPU
	EndGlobalSection
	GlobalSection(ProjectConfigurationPlatforms) = postSolution
		{AEA07B7B-2205-4AEA-807D-0C786973359F}.Debug|Any CPU.ActiveCfg = Debug|Any CPU
		{AEA07B7B-2205-4AEA-807D-0C786973359F}.Debug|Any CPU.Build.0 = Debug|Any CPU
		{AEA07B7B-2205-4AEA-807D-0C786973359F}.Release|Any CPU.ActiveCfg = Release|Any CPU
		{AEA07B7B-2205-4AEA-807D-0C786973359F}.Release|Any CPU.Build.0 = Release|Any CPU
	EndGlobalSection
	GlobalSection(SolutionProperties) = preSolution
		HideSolutionNode = FALSE
	EndGlobalSection
	GlobalSection(ExtensibilityGlobals) = postSolution
		SolutionGuid = {2966AFB7-F591-41A4-A033-92A224DBB766}
	EndGlobalSection
EndGlobal
